
Microsoft Visual Studio Solution File, Format Version 12.00
# Visual Studio Version 17
VisualStudioVersion = 17.11.35327.3
MinimumVisualStudioVersion = 10.0.40219.1
Project("{9A19103F-16F7-4668-BE54-9A1E7A4F7556}") = "markdown_note_taking_app", "markdown_note_taking_app.csproj", "{CC6C797C-134F-412F-87E2-93FB96EFD56E}"
EndProject
Project("{9A19103F-16F7-4668-BE54-9A1E7A4F7556}") = "Contracts", "..\Contracts\Contracts.csproj", "{E47071F4-683E-4917-A82D-AF309F9FBB0F}"
EndProject
Project("{9A19103F-16F7-4668-BE54-9A1E7A4F7556}") = "LoggerService", "..\LoggerService\LoggerService.csproj", "{EE5FF5E9-FB8D-46F7-98A4-84BBF2759C13}"
EndProject
Project("{9A19103F-16F7-4668-BE54-9A1E7A4F7556}") = "MarkdownNoteTests", "..\MarkdownNoteTests\MarkdownNoteTests.csproj", "{A6E34E57-9951-422F-A5BD-68A7164C2498}"
EndProject
Global
	GlobalSection(SolutionConfigurationPlatforms) = preSolution
		Debug|Any CPU = Debug|Any CPU
		Release|Any CPU = Release|Any CPU
	EndGlobalSection
	GlobalSection(ProjectConfigurationPlatforms) = postSolution
		{CC6C797C-134F-412F-87E2-93FB96EFD56E}.Debug|Any CPU.ActiveCfg = Debug|Any CPU
		{CC6C797C-134F-412F-87E2-93FB96EFD56E}.Debug|Any CPU.Build.0 = Debug|Any CPU
		{CC6C797C-134F-412F-87E2-93FB96EFD56E}.Release|Any CPU.ActiveCfg = Release|Any CPU
		{CC6C797C-134F-412F-87E2-93FB96EFD56E}.Release|Any CPU.Build.0 = Release|Any CPU
		{E47071F4-683E-4917-A82D-AF309F9FBB0F}.Debug|Any CPU.ActiveCfg = Debug|Any CPU
		{E47071F4-683E-4917-A82D-AF309F9FBB0F}.Debug|Any CPU.Build.0 = Debug|Any CPU
		{E47071F4-683E-4917-A82D-AF309F9FBB0F}.Release|Any CPU.ActiveCfg = Release|Any CPU
		{E47071F4-683E-4917-A82D-AF309F9FBB0F}.Release|Any CPU.Build.0 = Release|Any CPU
		{EE5FF5E9-FB8D-46F7-98A4-84BBF2759C13}.Debug|Any CPU.ActiveCfg = Debug|Any CPU
		{EE5FF5E9-FB8D-46F7-98A4-84BBF2759C13}.Debug|Any CPU.Build.0 = Debug|Any CPU
		{EE5FF5E9-FB8D-46F7-98A4-84BBF2759C13}.Release|Any CPU.ActiveCfg = Release|Any CPU
		{EE5FF5E9-FB8D-46F7-98A4-84BBF2759C13}.Release|Any CPU.Build.0 = Release|Any CPU
		{A6E34E57-9951-422F-A5BD-68A7164C2498}.Debug|Any CPU.ActiveCfg = Debug|Any CPU
		{A6E34E57-9951-422F-A5BD-68A7164C2498}.Debug|Any CPU.Build.0 = Debug|Any CPU
		{A6E34E57-9951-422F-A5BD-68A7164C2498}.Release|Any CPU.ActiveCfg = Release|Any CPU
		{A6E34E57-9951-422F-A5BD-68A7164C2498}.Release|Any CPU.Build.0 = Release|Any CPU
	EndGlobalSection
	GlobalSection(SolutionProperties) = preSolution
		HideSolutionNode = FALSE
	EndGlobalSection
	GlobalSection(ExtensibilityGlobals) = postSolution
		SolutionGuid = {C67CE5A5-A02C-4934-9B73-C4438590E32E}
	EndGlobalSection
EndGlobal
